
Microsoft Visual Studio Solution File, Format Version 12.00
# Visual Studio Version 17
VisualStudioVersion = 17.11.35303.130
MinimumVisualStudioVersion = 10.0.40219.1
Project("{9A19103F-16F7-4668-BE54-9A1E7A4F7556}") = "DataObject", "DataObject\DataObject.csproj", "{77BE0DA9-54E6-4A9C-BB67-C4F8A91057CE}"
EndProject
Project("{9A19103F-16F7-4668-BE54-9A1E7A4F7556}") = "DataAccess", "DataAccess\DataAccess.csproj", "{00DC9AF2-E809-4C30-939B-87F64A80E84A}"
EndProject
Project("{FAE04EC0-301F-11D3-BF4B-00C04F79EFBC}") = "FTSA_Application", "FTSA_Application\FTSA_Application.csproj", "{6B3B3DA5-D394-45F5-A5D7-0236C49A6CA2}"
EndProject
Global
	GlobalSection(SolutionConfigurationPlatforms) = preSolution
		Debug|Any CPU = Debug|Any CPU
		Release|Any CPU = Release|Any CPU
	EndGlobalSection
	GlobalSection(ProjectConfigurationPlatforms) = postSolution
		{77BE0DA9-54E6-4A9C-BB67-C4F8A91057CE}.Debug|Any CPU.ActiveCfg = Debug|Any CPU
		{77BE0DA9-54E6-4A9C-BB67-C4F8A91057CE}.Debug|Any CPU.Build.0 = Debug|Any CPU
		{77BE0DA9-54E6-4A9C-BB67-C4F8A91057CE}.Release|Any CPU.ActiveCfg = Release|Any CPU
		{77BE0DA9-54E6-4A9C-BB67-C4F8A91057CE}.Release|Any CPU.Build.0 = Release|Any CPU
		{00DC9AF2-E809-4C30-939B-87F64A80E84A}.Debug|Any CPU.ActiveCfg = Debug|Any CPU
		{00DC9AF2-E809-4C30-939B-87F64A80E84A}.Debug|Any CPU.Build.0 = Debug|Any CPU
		{00DC9AF2-E809-4C30-939B-87F64A80E84A}.Release|Any CPU.ActiveCfg = Release|Any CPU
		{00DC9AF2-E809-4C30-939B-87F64A80E84A}.Release|Any CPU.Build.0 = Release|Any CPU
		{6B3B3DA5-D394-45F5-A5D7-0236C49A6CA2}.Debug|Any CPU.ActiveCfg = Debug|Any CPU
		{6B3B3DA5-D394-45F5-A5D7-0236C49A6CA2}.Debug|Any CPU.Build.0 = Debug|Any CPU
		{6B3B3DA5-D394-45F5-A5D7-0236C49A6CA2}.Release|Any CPU.ActiveCfg = Release|Any CPU
		{6B3B3DA5-D394-45F5-A5D7-0236C49A6CA2}.Release|Any CPU.Build.0 = Release|Any CPU
	EndGlobalSection
	GlobalSection(SolutionProperties) = preSolution
		HideSolutionNode = FALSE
	EndGlobalSection
	GlobalSection(ExtensibilityGlobals) = postSolution
		SolutionGuid = {B2AD77AB-C6A9-44E1-BB3D-9077C0D32E5D}
	EndGlobalSection
EndGlobal
